
Microsoft Visual Studio Solution File, Format Version 12.00
# Visual Studio Version 17
VisualStudioVersion = 17.11.35208.52
MinimumVisualStudioVersion = 10.0.40219.1
Project("{9A19103F-16F7-4668-BE54-9A1E7A4F7556}") = "antigal.api", "antigal.api.csproj", "{8A3790B2-6B5F-4B33-A381-502A1AEAA23F}"
EndProject
Project("{FAE04EC0-301F-11D3-BF4B-00C04F79EFBC}") = "antigal.Models", "..\antigal.Models\antigal.Models.csproj", "{28A16A2A-A3BA-4AE6-8EF2-E4F6BD2B6BB7}"
EndProject
Project("{FAE04EC0-301F-11D3-BF4B-00C04F79EFBC}") = "antigal.Repository", "..\antigal.Repository\antigal.Repository.csproj", "{FE507CFE-714B-4973-ACE8-6650A6E84F47}"
EndProject
Project("{FAE04EC0-301F-11D3-BF4B-00C04F79EFBC}") = "antigal.Services", "..\antigal.Services\antigal.Services.csproj", "{0EC5E289-A6F7-4138-A254-EA0D4B034E93}"
EndProject
Global
	GlobalSection(SolutionConfigurationPlatforms) = preSolution
		Debug|Any CPU = Debug|Any CPU
		Release|Any CPU = Release|Any CPU
	EndGlobalSection
	GlobalSection(ProjectConfigurationPlatforms) = postSolution
		{8A3790B2-6B5F-4B33-A381-502A1AEAA23F}.Debug|Any CPU.ActiveCfg = Debug|Any CPU
		{8A3790B2-6B5F-4B33-A381-502A1AEAA23F}.Debug|Any CPU.Build.0 = Debug|Any CPU
		{8A3790B2-6B5F-4B33-A381-502A1AEAA23F}.Release|Any CPU.ActiveCfg = Release|Any CPU
		{8A3790B2-6B5F-4B33-A381-502A1AEAA23F}.Release|Any CPU.Build.0 = Release|Any CPU
		{28A16A2A-A3BA-4AE6-8EF2-E4F6BD2B6BB7}.Debug|Any CPU.ActiveCfg = Debug|Any CPU
		{28A16A2A-A3BA-4AE6-8EF2-E4F6BD2B6BB7}.Debug|Any CPU.Build.0 = Debug|Any CPU
		{28A16A2A-A3BA-4AE6-8EF2-E4F6BD2B6BB7}.Release|Any CPU.ActiveCfg = Release|Any CPU
		{28A16A2A-A3BA-4AE6-8EF2-E4F6BD2B6BB7}.Release|Any CPU.Build.0 = Release|Any CPU
		{FE507CFE-714B-4973-ACE8-6650A6E84F47}.Debug|Any CPU.ActiveCfg = Debug|Any CPU
		{FE507CFE-714B-4973-ACE8-6650A6E84F47}.Debug|Any CPU.Build.0 = Debug|Any CPU
		{FE507CFE-714B-4973-ACE8-6650A6E84F47}.Release|Any CPU.ActiveCfg = Release|Any CPU
		{FE507CFE-714B-4973-ACE8-6650A6E84F47}.Release|Any CPU.Build.0 = Release|Any CPU
		{0EC5E289-A6F7-4138-A254-EA0D4B034E93}.Debug|Any CPU.ActiveCfg = Debug|Any CPU
		{0EC5E289-A6F7-4138-A254-EA0D4B034E93}.Debug|Any CPU.Build.0 = Debug|Any CPU
		{0EC5E289-A6F7-4138-A254-EA0D4B034E93}.Release|Any CPU.ActiveCfg = Release|Any CPU
		{0EC5E289-A6F7-4138-A254-EA0D4B034E93}.Release|Any CPU.Build.0 = Release|Any CPU
	EndGlobalSection
	GlobalSection(SolutionProperties) = preSolution
		HideSolutionNode = FALSE
	EndGlobalSection
	GlobalSection(ExtensibilityGlobals) = postSolution
		SolutionGuid = {A1E4AE6E-CB77-43DA-B4CE-82EA0D095884}
	EndGlobalSection
EndGlobal
